
Microsoft Visual Studio Solution File, Format Version 12.00
# Visual Studio Version 16
VisualStudioVersion = 16.0.30011.22
MinimumVisualStudioVersion = 10.0.40219.1
Project("{FAE04EC0-301F-11D3-BF4B-00C04F79EFBC}") = "Consultar CEP.UWP", "Consultar CEP\Consultar CEP.UWP\Consultar CEP.UWP.csproj", "{83886B64-C5B7-46D9-A459-F945462861F4}"
EndProject
Project("{FAE04EC0-301F-11D3-BF4B-00C04F79EFBC}") = "Consultar CEP.Android", "Consultar CEP\Consultar CEP.Android\Consultar CEP.Android.csproj", "{4152A26B-8BFB-47AA-AC82-ADC1EAD434AB}"
EndProject
Project("{FAE04EC0-301F-11D3-BF4B-00C04F79EFBC}") = "Consultar CEP.iOS", "Consultar CEP\Consultar CEP.iOS\Consultar CEP.iOS.csproj", "{AFB52E23-801D-439D-A573-DBA7D70328B9}"
EndProject
Project("{FAE04EC0-301F-11D3-BF4B-00C04F79EFBC}") = "Consultar CEP", "Consultar CEP\Consultar CEP\Consultar CEP.csproj", "{A7556133-6CA1-4C88-B712-B57B742D550D}"
EndProject
Global
	GlobalSection(SolutionConfigurationPlatforms) = preSolution
		Debug|Any CPU = Debug|Any CPU
		Debug|ARM = Debug|ARM
		Debug|iPhone = Debug|iPhone
		Debug|iPhoneSimulator = Debug|iPhoneSimulator
		Debug|x64 = Debug|x64
		Debug|x86 = Debug|x86
		Release|Any CPU = Release|Any CPU
		Release|ARM = Release|ARM
		Release|iPhone = Release|iPhone
		Release|iPhoneSimulator = Release|iPhoneSimulator
		Release|x64 = Release|x64
		Release|x86 = Release|x86
	EndGlobalSection
	GlobalSection(ProjectConfigurationPlatforms) = postSolution
		{83886B64-C5B7-46D9-A459-F945462861F4}.Debug|Any CPU.ActiveCfg = Debug|x86
		{83886B64-C5B7-46D9-A459-F945462861F4}.Debug|Any CPU.Build.0 = Debug|x86
		{83886B64-C5B7-46D9-A459-F945462861F4}.Debug|Any CPU.Deploy.0 = Debug|x86
		{83886B64-C5B7-46D9-A459-F945462861F4}.Debug|ARM.ActiveCfg = Debug|ARM
		{83886B64-C5B7-46D9-A459-F945462861F4}.Debug|ARM.Build.0 = Debug|ARM
		{83886B64-C5B7-46D9-A459-F945462861F4}.Debug|ARM.Deploy.0 = Debug|ARM
		{83886B64-C5B7-46D9-A459-F945462861F4}.Debug|iPhone.ActiveCfg = Debug|x86
		{83886B64-C5B7-46D9-A459-F945462861F4}.Debug|iPhone.Build.0 = Debug|x86
		{83886B64-C5B7-46D9-A459-F945462861F4}.Debug|iPhone.Deploy.0 = Debug|x86
		{83886B64-C5B7-46D9-A459-F945462861F4}.Debug|iPhoneSimulator.ActiveCfg = Debug|x86
		{83886B64-C5B7-46D9-A459-F945462861F4}.Debug|iPhoneSimulator.Build.0 = Debug|x86
		{83886B64-C5B7-46D9-A459-F945462861F4}.Debug|iPhoneSimulator.Deploy.0 = Debug|x86
		{83886B64-C5B7-46D9-A459-F945462861F4}.Debug|x64.ActiveCfg = Debug|x64
		{83886B64-C5B7-46D9-A459-F945462861F4}.Debug|x64.Build.0 = Debug|x64
		{83886B64-C5B7-46D9-A459-F945462861F4}.Debug|x64.Deploy.0 = Debug|x64
		{83886B64-C5B7-46D9-A459-F945462861F4}.Debug|x86.ActiveCfg = Debug|x86
		{83886B64-C5B7-46D9-A459-F945462861F4}.Debug|x86.Build.0 = Debug|x86
		{83886B64-C5B7-46D9-A459-F945462861F4}.Debug|x86.Deploy.0 = Debug|x86
		{83886B64-C5B7-46D9-A459-F945462861F4}.Release|Any CPU.ActiveCfg = Release|x86
		{83886B64-C5B7-46D9-A459-F945462861F4}.Release|Any CPU.Build.0 = Release|x86
		{83886B64-C5B7-46D9-A459-F945462861F4}.Release|Any CPU.Deploy.0 = Release|x86
		{83886B64-C5B7-46D9-A459-F945462861F4}.Release|ARM.ActiveCfg = Release|ARM
		{83886B64-C5B7-46D9-A459-F945462861F4}.Release|ARM.Build.0 = Release|ARM
		{83886B64-C5B7-46D9-A459-F945462861F4}.Release|ARM.Deploy.0 = Release|ARM
		{83886B64-C5B7-46D9-A459-F945462861F4}.Release|iPhone.ActiveCfg = Release|x86
		{83886B64-C5B7-46D9-A459-F945462861F4}.Release|iPhone.Build.0 = Release|x86
		{83886B64-C5B7-46D9-A459-F945462861F4}.Release|iPhone.Deploy.0 = Release|x86
		{83886B64-C5B7-46D9-A459-F945462861F4}.Release|iPhoneSimulator.ActiveCfg = Release|x86
		{83886B64-C5B7-46D9-A459-F945462861F4}.Release|iPhoneSimulator.Build.0 = Release|x86
		{83886B64-C5B7-46D9-A459-F945462861F4}.Release|iPhoneSimulator.Deploy.0 = Release|x86
		{83886B64-C5B7-46D9-A459-F945462861F4}.Release|x64.ActiveCfg = Release|x64
		{83886B64-C5B7-46D9-A459-F945462861F4}.Release|x64.Build.0 = Release|x64
		{83886B64-C5B7-46D9-A459-F945462861F4}.Release|x64.Deploy.0 = Release|x64
		{83886B64-C5B7-46D9-A459-F945462861F4}.Release|x86.ActiveCfg = Release|x86
		{83886B64-C5B7-46D9-A459-F945462861F4}.Release|x86.Build.0 = Release|x86
		{83886B64-C5B7-46D9-A459-F945462861F4}.Release|x86.Deploy.0 = Release|x86
		{4152A26B-8BFB-47AA-AC82-ADC1EAD434AB}.Debug|Any CPU.ActiveCfg = Debug|Any CPU
		{4152A26B-8BFB-47AA-AC82-ADC1EAD434AB}.Debug|Any CPU.Build.0 = Debug|Any CPU
		{4152A26B-8BFB-47AA-AC82-ADC1EAD434AB}.Debug|Any CPU.Deploy.0 = Debug|Any CPU
		{4152A26B-8BFB-47AA-AC82-ADC1EAD434AB}.Debug|ARM.ActiveCfg = Debug|Any CPU
		{4152A26B-8BFB-47AA-AC82-ADC1EAD434AB}.Debug|ARM.Build.0 = Debug|Any CPU
		{4152A26B-8BFB-47AA-AC82-ADC1EAD434AB}.Debug|ARM.Deploy.0 = Debug|Any CPU
		{4152A26B-8BFB-47AA-AC82-ADC1EAD434AB}.Debug|iPhone.ActiveCfg = Debug|Any CPU
		{4152A26B-8BFB-47AA-AC82-ADC1EAD434AB}.Debug|iPhone.Build.0 = Debug|Any CPU
		{4152A26B-8BFB-47AA-AC82-ADC1EAD434AB}.Debug|iPhone.Deploy.0 = Debug|Any CPU
		{4152A26B-8BFB-47AA-AC82-ADC1EAD434AB}.Debug|iPhoneSimulator.ActiveCfg = Debug|Any CPU
		{4152A26B-8BFB-47AA-AC82-ADC1EAD434AB}.Debug|iPhoneSimulator.Build.0 = Debug|Any CPU
		{4152A26B-8BFB-47AA-AC82-ADC1EAD434AB}.Debug|iPhoneSimulator.Deploy.0 = Debug|Any CPU
		{4152A26B-8BFB-47AA-AC82-ADC1EAD434AB}.Debug|x64.ActiveCfg = Debug|Any CPU
		{4152A26B-8BFB-47AA-AC82-ADC1EAD434AB}.Debug|x64.Build.0 = Debug|Any CPU
		{4152A26B-8BFB-47AA-AC82-ADC1EAD434AB}.Debug|x64.Deploy.0 = Debug|Any CPU
		{4152A26B-8BFB-47AA-AC82-ADC1EAD434AB}.Debug|x86.ActiveCfg = Debug|Any CPU
		{4152A26B-8BFB-47AA-AC82-ADC1EAD434AB}.Debug|x86.Build.0 = Debug|Any CPU
		{4152A26B-8BFB-47AA-AC82-ADC1EAD434AB}.Debug|x86.Deploy.0 = Debug|Any CPU
		{4152A26B-8BFB-47AA-AC82-ADC1EAD434AB}.Release|Any CPU.ActiveCfg = Release|Any CPU
		{4152A26B-8BFB-47AA-AC82-ADC1EAD434AB}.Release|Any CPU.Build.0 = Release|Any CPU
		{4152A26B-8BFB-47AA-AC82-ADC1EAD434AB}.Release|Any CPU.Deploy.0 = Release|Any CPU
		{4152A26B-8BFB-47AA-AC82-ADC1EAD434AB}.Release|ARM.ActiveCfg = Release|Any CPU
		{4152A26B-8BFB-47AA-AC82-ADC1EAD434AB}.Release|ARM.Build.0 = Release|Any CPU
		{4152A26B-8BFB-47AA-AC82-ADC1EAD434AB}.Release|ARM.Deploy.0 = Release|Any CPU
		{4152A26B-8BFB-47AA-AC82-ADC1EAD434AB}.Release|iPhone.ActiveCfg = Release|Any CPU
		{4152A26B-8BFB-47AA-AC82-ADC1EAD434AB}.Release|iPhone.Build.0 = Release|Any CPU
		{4152A26B-8BFB-47AA-AC82-ADC1EAD434AB}.Release|iPhone.Deploy.0 = Release|Any CPU
		{4152A26B-8BFB-47AA-AC82-ADC1EAD434AB}.Release|iPhoneSimulator.ActiveCfg = Release|Any CPU
		{4152A26B-8BFB-47AA-AC82-ADC1EAD434AB}.Release|iPhoneSimulator.Build.0 = Release|Any CPU
		{4152A26B-8BFB-47AA-AC82-ADC1EAD434AB}.Release|iPhoneSimulator.Deploy.0 = Release|Any CPU
		{4152A26B-8BFB-47AA-AC82-ADC1EAD434AB}.Release|x64.ActiveCfg = Release|Any CPU
		{4152A26B-8BFB-47AA-AC82-ADC1EAD434AB}.Release|x64.Build.0 = Release|Any CPU
		{4152A26B-8BFB-47AA-AC82-ADC1EAD434AB}.Release|x64.Deploy.0 = Release|Any CPU
		{4152A26B-8BFB-47AA-AC82-ADC1EAD434AB}.Release|x86.ActiveCfg = Release|Any CPU
		{4152A26B-8BFB-47AA-AC82-ADC1EAD434AB}.Release|x86.Build.0 = Release|Any CPU
		{4152A26B-8BFB-47AA-AC82-ADC1EAD434AB}.Release|x86.Deploy.0 = Release|Any CPU
		{AFB52E23-801D-439D-A573-DBA7D70328B9}.Debug|Any CPU.ActiveCfg = Debug|iPhone
		{AFB52E23-801D-439D-A573-DBA7D70328B9}.Debug|Any CPU.Build.0 = Debug|iPhone
		{AFB52E23-801D-439D-A573-DBA7D70328B9}.Debug|Any CPU.Deploy.0 = Debug|iPhone
		{AFB52E23-801D-439D-A573-DBA7D70328B9}.Debug|ARM.ActiveCfg = Debug|iPhone
		{AFB52E23-801D-439D-A573-DBA7D70328B9}.Debug|ARM.Build.0 = Debug|iPhone
		{AFB52E23-801D-439D-A573-DBA7D70328B9}.Debug|ARM.Deploy.0 = Debug|iPhone
		{AFB52E23-801D-439D-A573-DBA7D70328B9}.Debug|iPhone.ActiveCfg = Debug|iPhone
		{AFB52E23-801D-439D-A573-DBA7D70328B9}.Debug|iPhone.Build.0 = Debug|iPhone
		{AFB52E23-801D-439D-A573-DBA7D70328B9}.Debug|iPhone.Deploy.0 = Debug|iPhone
		{AFB52E23-801D-439D-A573-DBA7D70328B9}.Debug|iPhoneSimulator.ActiveCfg = Debug|iPhoneSimulator
		{AFB52E23-801D-439D-A573-DBA7D70328B9}.Debug|iPhoneSimulator.Build.0 = Debug|iPhoneSimulator
		{AFB52E23-801D-439D-A573-DBA7D70328B9}.Debug|iPhoneSimulator.Deploy.0 = Debug|iPhoneSimulator
		{AFB52E23-801D-439D-A573-DBA7D70328B9}.Debug|x64.ActiveCfg = Debug|iPhone
		{AFB52E23-801D-439D-A573-DBA7D70328B9}.Debug|x64.Build.0 = Debug|iPhone
		{AFB52E23-801D-439D-A573-DBA7D70328B9}.Debug|x64.Deploy.0 = Debug|iPhone
		{AFB52E23-801D-439D-A573-DBA7D70328B9}.Debug|x86.ActiveCfg = Debug|iPhone
		{AFB52E23-801D-439D-A573-DBA7D70328B9}.Debug|x86.Build.0 = Debug|iPhone
		{AFB52E23-801D-439D-A573-DBA7D70328B9}.Debug|x86.Deploy.0 = Debug|iPhone
		{AFB52E23-801D-439D-A573-DBA7D70328B9}.Release|Any CPU.ActiveCfg = Release|iPhone
		{AFB52E23-801D-439D-A573-DBA7D70328B9}.Release|Any CPU.Build.0 = Release|iPhone
		{AFB52E23-801D-439D-A573-DBA7D70328B9}.Release|Any CPU.Deploy.0 = Release|iPhone
		{AFB52E23-801D-439D-A573-DBA7D70328B9}.Release|ARM.ActiveCfg = Release|iPhone
		{AFB52E23-801D-439D-A573-DBA7D70328B9}.Release|ARM.Build.0 = Release|iPhone
		{AFB52E23-801D-439D-A573-DBA7D70328B9}.Release|ARM.Deploy.0 = Release|iPhone
		{AFB52E23-801D-439D-A573-DBA7D70328B9}.Release|iPhone.ActiveCfg = Release|iPhone
		{AFB52E23-801D-439D-A573-DBA7D70328B9}.Release|iPhone.Build.0 = Release|iPhone
		{AFB52E23-801D-439D-A573-DBA7D70328B9}.Release|iPhone.Deploy.0 = Release|iPhone
		{AFB52E23-801D-439D-A573-DBA7D70328B9}.Release|iPhoneSimulator.ActiveCfg = Release|iPhoneSimulator
		{AFB52E23-801D-439D-A573-DBA7D70328B9}.Release|iPhoneSimulator.Build.0 = Release|iPhoneSimulator
		{AFB52E23-801D-439D-A573-DBA7D70328B9}.Release|iPhoneSimulator.Deploy.0 = Release|iPhoneSimulator
		{AFB52E23-801D-439D-A573-DBA7D70328B9}.Release|x64.ActiveCfg = Release|iPhone
		{AFB52E23-801D-439D-A573-DBA7D70328B9}.Release|x64.Build.0 = Release|iPhone
		{AFB52E23-801D-439D-A573-DBA7D70328B9}.Release|x64.Deploy.0 = Release|iPhone
		{AFB52E23-801D-439D-A573-DBA7D70328B9}.Release|x86.ActiveCfg = Release|iPhone
		{AFB52E23-801D-439D-A573-DBA7D70328B9}.Release|x86.Build.0 = Release|iPhone
		{AFB52E23-801D-439D-A573-DBA7D70328B9}.Release|x86.Deploy.0 = Release|iPhone
		{A7556133-6CA1-4C88-B712-B57B742D550D}.Debug|Any CPU.ActiveCfg = Debug|Any CPU
		{A7556133-6CA1-4C88-B712-B57B742D550D}.Debug|Any CPU.Build.0 = Debug|Any CPU
		{A7556133-6CA1-4C88-B712-B57B742D550D}.Debug|Any CPU.Deploy.0 = Debug|Any CPU
		{A7556133-6CA1-4C88-B712-B57B742D550D}.Debug|ARM.ActiveCfg = Debug|Any CPU
		{A7556133-6CA1-4C88-B712-B57B742D550D}.Debug|ARM.Build.0 = Debug|Any CPU
		{A7556133-6CA1-4C88-B712-B57B742D550D}.Debug|ARM.Deploy.0 = Debug|Any CPU
		{A7556133-6CA1-4C88-B712-B57B742D550D}.Debug|iPhone.ActiveCfg = Debug|Any CPU
		{A7556133-6CA1-4C88-B712-B57B742D550D}.Debug|iPhone.Build.0 = Debug|Any CPU
		{A7556133-6CA1-4C88-B712-B57B742D550D}.Debug|iPhone.Deploy.0 = Debug|Any CPU
		{A7556133-6CA1-4C88-B712-B57B742D550D}.Debug|iPhoneSimulator.ActiveCfg = Debug|Any CPU
		{A7556133-6CA1-4C88-B712-B57B742D550D}.Debug|iPhoneSimulator.Build.0 = Debug|Any CPU
		{A7556133-6CA1-4C88-B712-B57B742D550D}.Debug|iPhoneSimulator.Deploy.0 = Debug|Any CPU
		{A7556133-6CA1-4C88-B712-B57B742D550D}.Debug|x64.ActiveCfg = Debug|Any CPU
		{A7556133-6CA1-4C88-B712-B57B742D550D}.Debug|x64.Build.0 = Debug|Any CPU
		{A7556133-6CA1-4C88-B712-B57B742D550D}.Debug|x64.Deploy.0 = Debug|Any CPU
		{A7556133-6CA1-4C88-B712-B57B742D550D}.Debug|x86.ActiveCfg = Debug|Any CPU
		{A7556133-6CA1-4C88-B712-B57B742D550D}.Debug|x86.Build.0 = Debug|Any CPU
		{A7556133-6CA1-4C88-B712-B57B742D550D}.Debug|x86.Deploy.0 = Debug|Any CPU
		{A7556133-6CA1-4C88-B712-B57B742D550D}.Release|Any CPU.ActiveCfg = Release|Any CPU
		{A7556133-6CA1-4C88-B712-B57B742D550D}.Release|Any CPU.Build.0 = Release|Any CPU
		{A7556133-6CA1-4C88-B712-B57B742D550D}.Release|Any CPU.Deploy.0 = Release|Any CPU
		{A7556133-6CA1-4C88-B712-B57B742D550D}.Release|ARM.ActiveCfg = Release|Any CPU
		{A7556133-6CA1-4C88-B712-B57B742D550D}.Release|ARM.Build.0 = Release|Any CPU
		{A7556133-6CA1-4C88-B712-B57B742D550D}.Release|ARM.Deploy.0 = Release|Any CPU
		{A7556133-6CA1-4C88-B712-B57B742D550D}.Release|iPhone.ActiveCfg = Release|Any CPU
		{A7556133-6CA1-4C88-B712-B57B742D550D}.Release|iPhone.Build.0 = Release|Any CPU
		{A7556133-6CA1-4C88-B712-B57B742D550D}.Release|iPhone.Deploy.0 = Release|Any CPU
		{A7556133-6CA1-4C88-B712-B57B742D550D}.Release|iPhoneSimulator.ActiveCfg = Release|Any CPU
		{A7556133-6CA1-4C88-B712-B57B742D550D}.Release|iPhoneSimulator.Build.0 = Release|Any CPU
		{A7556133-6CA1-4C88-B712-B57B742D550D}.Release|iPhoneSimulator.Deploy.0 = Release|Any CPU
		{A7556133-6CA1-4C88-B712-B57B742D550D}.Release|x64.ActiveCfg = Release|Any CPU
		{A7556133-6CA1-4C88-B712-B57B742D550D}.Release|x64.Build.0 = Release|Any CPU
		{A7556133-6CA1-4C88-B712-B57B742D550D}.Release|x64.Deploy.0 = Release|Any CPU
		{A7556133-6CA1-4C88-B712-B57B742D550D}.Release|x86.ActiveCfg = Release|Any CPU
		{A7556133-6CA1-4C88-B712-B57B742D550D}.Release|x86.Build.0 = Release|Any CPU
		{A7556133-6CA1-4C88-B712-B57B742D550D}.Release|x86.Deploy.0 = Release|Any CPU
	EndGlobalSection
	GlobalSection(SolutionProperties) = preSolution
		HideSolutionNode = FALSE
	EndGlobalSection
	GlobalSection(ExtensibilityGlobals) = postSolution
		SolutionGuid = {B04926B1-4A3F-469E-9C47-0F3AB7493B93}
	EndGlobalSection
EndGlobal
